// !$*UTF8*$!
{
	archiveVersion = 1;
	classes = {
	};
	objectVersion = 56;
	objects = {

/* Begin PBXBuildFile section */
		2530BBBB298072E80016D3BD /* AppDelegate.swift in Sources */ = {isa = PBXBuildFile; fileRef = 2530BBBA298072E80016D3BD /* AppDelegate.swift */; };
		2530BBBD298072E80016D3BD /* SceneDelegate.swift in Sources */ = {isa = PBXBuildFile; fileRef = 2530BBBC298072E80016D3BD /* SceneDelegate.swift */; };
		2530BBBF298072E80016D3BD /* ViewController.swift in Sources */ = {isa = PBXBuildFile; fileRef = 2530BBBE298072E80016D3BD /* ViewController.swift */; };
		2530BBC2298072E80016D3BD /* Main.storyboard in Resources */ = {isa = PBXBuildFile; fileRef = 2530BBC0298072E80016D3BD /* Main.storyboard */; };
		2530BBC4298072EB0016D3BD /* Assets.xcassets in Resources */ = {isa = PBXBuildFile; fileRef = 2530BBC3298072EB0016D3BD /* Assets.xcassets */; };
		2530BBC7298072EB0016D3BD /* LaunchScreen.storyboard in Resources */ = {isa = PBXBuildFile; fileRef = 2530BBC5298072EB0016D3BD /* LaunchScreen.storyboard */; };
		2530BBD2298072EC0016D3BD /* Teste_IOs_Developer_DigioTests.swift in Sources */ = {isa = PBXBuildFile; fileRef = 2530BBD1298072EC0016D3BD /* Teste_IOs_Developer_DigioTests.swift */; };
		2530BBDC298072EC0016D3BD /* Teste_IOs_Developer_DigioUITests.swift in Sources */ = {isa = PBXBuildFile; fileRef = 2530BBDB298072EC0016D3BD /* Teste_IOs_Developer_DigioUITests.swift */; };
		2530BBDE298072EC0016D3BD /* Teste_IOs_Developer_DigioUITestsLaunchTests.swift in Sources */ = {isa = PBXBuildFile; fileRef = 2530BBDD298072EC0016D3BD /* Teste_IOs_Developer_DigioUITestsLaunchTests.swift */; };
/* End PBXBuildFile section */

/* Begin PBXContainerItemProxy section */
		2530BBCE298072EC0016D3BD /* PBXContainerItemProxy */ = {
			isa = PBXContainerItemProxy;
			containerPortal = 2530BBAF298072E80016D3BD /* Project object */;
			proxyType = 1;
			remoteGlobalIDString = 2530BBB6298072E80016D3BD;
			remoteInfo = "Teste IOs Developer Digio";
		};
		2530BBD8298072EC0016D3BD /* PBXContainerItemProxy */ = {
			isa = PBXContainerItemProxy;
			containerPortal = 2530BBAF298072E80016D3BD /* Project object */;
			proxyType = 1;
			remoteGlobalIDString = 2530BBB6298072E80016D3BD;
			remoteInfo = "Teste IOs Developer Digio";
		};
/* End PBXContainerItemProxy section */

/* Begin PBXFileReference section */
		2530BBB7298072E80016D3BD /* Teste IOs Developer Digio.app */ = {isa = PBXFileReference; explicitFileType = wrapper.application; includeInIndex = 0; path = "Teste IOs Developer Digio.app"; sourceTree = BUILT_PRODUCTS_DIR; };
		2530BBBA298072E80016D3BD /* AppDelegate.swift */ = {isa = PBXFileReference; lastKnownFileType = sourcecode.swift; path = AppDelegate.swift; sourceTree = "<group>"; };
		2530BBBC298072E80016D3BD /* SceneDelegate.swift */ = {isa = PBXFileReference; lastKnownFileType = sourcecode.swift; path = SceneDelegate.swift; sourceTree = "<group>"; };
		2530BBBE298072E80016D3BD /* ViewController.swift */ = {isa = PBXFileReference; lastKnownFileType = sourcecode.swift; path = ViewController.swift; sourceTree = "<group>"; };
		2530BBC1298072E80016D3BD /* Base */ = {isa = PBXFileReference; lastKnownFileType = file.storyboard; name = Base; path = Base.lproj/Main.storyboard; sourceTree = "<group>"; };
		2530BBC3298072EB0016D3BD /* Assets.xcassets */ = {isa = PBXFileReference; lastKnownFileType = folder.assetcatalog; path = Assets.xcassets; sourceTree = "<group>"; };
		2530BBC6298072EB0016D3BD /* Base */ = {isa = PBXFileReference; lastKnownFileType = file.storyboard; name = Base; path = Base.lproj/LaunchScreen.storyboard; sourceTree = "<group>"; };
		2530BBC8298072EB0016D3BD /* Info.plist */ = {isa = PBXFileReference; lastKnownFileType = text.plist.xml; path = Info.plist; sourceTree = "<group>"; };
		2530BBCD298072EC0016D3BD /* Teste IOs Developer DigioTests.xctest */ = {isa = PBXFileReference; explicitFileType = wrapper.cfbundle; includeInIndex = 0; path = "Teste IOs Developer DigioTests.xctest"; sourceTree = BUILT_PRODUCTS_DIR; };
		2530BBD1298072EC0016D3BD /* Teste_IOs_Developer_DigioTests.swift */ = {isa = PBXFileReference; lastKnownFileType = sourcecode.swift; path = Teste_IOs_Developer_DigioTests.swift; sourceTree = "<group>"; };
		2530BBD7298072EC0016D3BD /* Teste IOs Developer DigioUITests.xctest */ = {isa = PBXFileReference; explicitFileType = wrapper.cfbundle; includeInIndex = 0; path = "Teste IOs Developer DigioUITests.xctest"; sourceTree = BUILT_PRODUCTS_DIR; };
		2530BBDB298072EC0016D3BD /* Teste_IOs_Developer_DigioUITests.swift */ = {isa = PBXFileReference; lastKnownFileType = sourcecode.swift; path = Teste_IOs_Developer_DigioUITests.swift; sourceTree = "<group>"; };
		2530BBDD298072EC0016D3BD /* Teste_IOs_Developer_DigioUITestsLaunchTests.swift */ = {isa = PBXFileReference; lastKnownFileType = sourcecode.swift; path = Teste_IOs_Developer_DigioUITestsLaunchTests.swift; sourceTree = "<group>"; };
/* End PBXFileReference section */

/* Begin PBXFrameworksBuildPhase section */
		2530BBB4298072E80016D3BD /* Frameworks */ = {
			isa = PBXFrameworksBuildPhase;
			buildActionMask = 2147483647;
			files = (
			);
			runOnlyForDeploymentPostprocessing = 0;
		};
		2530BBCA298072EC0016D3BD /* Frameworks */ = {
			isa = PBXFrameworksBuildPhase;
			buildActionMask = 2147483647;
			files = (
			);
			runOnlyForDeploymentPostprocessing = 0;
		};
		2530BBD4298072EC0016D3BD /* Frameworks */ = {
			isa = PBXFrameworksBuildPhase;
			buildActionMask = 2147483647;
			files = (
			);
			runOnlyForDeploymentPostprocessing = 0;
		};
/* End PBXFrameworksBuildPhase section */

/* Begin PBXGroup section */
		2530BBAE298072E80016D3BD = {
			isa = PBXGroup;
			children = (
				2530BBB9298072E80016D3BD /* Teste IOs Developer Digio */,
				2530BBD0298072EC0016D3BD /* Teste IOs Developer DigioTests */,
				2530BBDA298072EC0016D3BD /* Teste IOs Developer DigioUITests */,
				2530BBB8298072E80016D3BD /* Products */,
			);
			sourceTree = "<group>";
		};
		2530BBB8298072E80016D3BD /* Products */ = {
			isa = PBXGroup;
			children = (
				2530BBB7298072E80016D3BD /* Teste IOs Developer Digio.app */,
				2530BBCD298072EC0016D3BD /* Teste IOs Developer DigioTests.xctest */,
				2530BBD7298072EC0016D3BD /* Teste IOs Developer DigioUITests.xctest */,
			);
			name = Products;
			sourceTree = "<group>";
		};
		2530BBB9298072E80016D3BD /* Teste IOs Developer Digio */ = {
			isa = PBXGroup;
			children = (
				2530BBBA298072E80016D3BD /* AppDelegate.swift */,
				2530BBBC298072E80016D3BD /* SceneDelegate.swift */,
				2530BBBE298072E80016D3BD /* ViewController.swift */,
				2530BBC0298072E80016D3BD /* Main.storyboard */,
				2530BBC3298072EB0016D3BD /* Assets.xcassets */,
				2530BBC5298072EB0016D3BD /* LaunchScreen.storyboard */,
				2530BBC8298072EB0016D3BD /* Info.plist */,
			);
			path = "Teste IOs Developer Digio";
			sourceTree = "<group>";
		};
		2530BBD0298072EC0016D3BD /* Teste IOs Developer DigioTests */ = {
			isa = PBXGroup;
			children = (
				2530BBD1298072EC0016D3BD /* Teste_IOs_Developer_DigioTests.swift */,
			);
			path = "Teste IOs Developer DigioTests";
			sourceTree = "<group>";
		};
		2530BBDA298072EC0016D3BD /* Teste IOs Developer DigioUITests */ = {
			isa = PBXGroup;
			children = (
				2530BBDB298072EC0016D3BD /* Teste_IOs_Developer_DigioUITests.swift */,
				2530BBDD298072EC0016D3BD /* Teste_IOs_Developer_DigioUITestsLaunchTests.swift */,
			);
			path = "Teste IOs Developer DigioUITests";
			sourceTree = "<group>";
		};
/* End PBXGroup section */

/* Begin PBXNativeTarget section */
		2530BBB6298072E80016D3BD /* Teste IOs Developer Digio */ = {
			isa = PBXNativeTarget;
			buildConfigurationList = 2530BBE1298072EC0016D3BD /* Build configuration list for PBXNativeTarget "Teste IOs Developer Digio" */;
			buildPhases = (
				2530BBB3298072E80016D3BD /* Sources */,
				2530BBB4298072E80016D3BD /* Frameworks */,
				2530BBB5298072E80016D3BD /* Resources */,
			);
			buildRules = (
			);
			dependencies = (
			);
			name = "Teste IOs Developer Digio";
			productName = "Teste IOs Developer Digio";
			productReference = 2530BBB7298072E80016D3BD /* Teste IOs Developer Digio.app */;
			productType = "com.apple.product-type.application";
		};
		2530BBCC298072EC0016D3BD /* Teste IOs Developer DigioTests */ = {
			isa = PBXNativeTarget;
			buildConfigurationList = 2530BBE4298072EC0016D3BD /* Build configuration list for PBXNativeTarget "Teste IOs Developer DigioTests" */;
			buildPhases = (
				2530BBC9298072EC0016D3BD /* Sources */,
				2530BBCA298072EC0016D3BD /* Frameworks */,
				2530BBCB298072EC0016D3BD /* Resources */,
			);
			buildRules = (
			);
			dependencies = (
				2530BBCF298072EC0016D3BD /* PBXTargetDependency */,
			);
			name = "Teste IOs Developer DigioTests";
			productName = "Teste IOs Developer DigioTests";
			productReference = 2530BBCD298072EC0016D3BD /* Teste IOs Developer DigioTests.xctest */;
			productType = "com.apple.product-type.bundle.unit-test";
		};
		2530BBD6298072EC0016D3BD /* Teste IOs Developer DigioUITests */ = {
			isa = PBXNativeTarget;
			buildConfigurationList = 2530BBE7298072EC0016D3BD /* Build configuration list for PBXNativeTarget "Teste IOs Developer DigioUITests" */;
			buildPhases = (
				2530BBD3298072EC0016D3BD /* Sources */,
				2530BBD4298072EC0016D3BD /* Frameworks */,
				2530BBD5298072EC0016D3BD /* Resources */,
			);
			buildRules = (
			);
			dependencies = (
				2530BBD9298072EC0016D3BD /* PBXTargetDependency */,
			);
			name = "Teste IOs Developer DigioUITests";
			productName = "Teste IOs Developer DigioUITests";
			productReference = 2530BBD7298072EC0016D3BD /* Teste IOs Developer DigioUITests.xctest */;
			productType = "com.apple.product-type.bundle.ui-testing";
		};
/* End PBXNativeTarget section */

/* Begin PBXProject section */
		2530BBAF298072E80016D3BD /* Project object */ = {
			isa = PBXProject;
			attributes = {
				BuildIndependentTargetsInParallel = 1;
				LastSwiftUpdateCheck = 1420;
				LastUpgradeCheck = 1420;
				TargetAttributes = {
					2530BBB6298072E80016D3BD = {
						CreatedOnToolsVersion = 14.2;
					};
					2530BBCC298072EC0016D3BD = {
						CreatedOnToolsVersion = 14.2;
						TestTargetID = 2530BBB6298072E80016D3BD;
					};
					2530BBD6298072EC0016D3BD = {
						CreatedOnToolsVersion = 14.2;
						TestTargetID = 2530BBB6298072E80016D3BD;
					};
				};
			};
			buildConfigurationList = 2530BBB2298072E80016D3BD /* Build configuration list for PBXProject "Teste IOs Developer Digio" */;
			compatibilityVersion = "Xcode 14.0";
			developmentRegion = en;
			hasScannedForEncodings = 0;
			knownRegions = (
				en,
				Base,
			);
			mainGroup = 2530BBAE298072E80016D3BD;
			productRefGroup = 2530BBB8298072E80016D3BD /* Products */;
			projectDirPath = "";
			projectRoot = "";
			targets = (
				2530BBB6298072E80016D3BD /* Teste IOs Developer Digio */,
				2530BBCC298072EC0016D3BD /* Teste IOs Developer DigioTests */,
				2530BBD6298072EC0016D3BD /* Teste IOs Developer DigioUITests */,
			);
		};
/* End PBXProject section */

/* Begin PBXResourcesBuildPhase section */
		2530BBB5298072E80016D3BD /* Resources */ = {
			isa = PBXResourcesBuildPhase;
			buildActionMask = 2147483647;
			files = (
				2530BBC7298072EB0016D3BD /* LaunchScreen.storyboard in Resources */,
				2530BBC4298072EB0016D3BD /* Assets.xcassets in Resources */,
				2530BBC2298072E80016D3BD /* Main.storyboard in Resources */,
			);
			runOnlyForDeploymentPostprocessing = 0;
		};
		2530BBCB298072EC0016D3BD /* Resources */ = {
			isa = PBXResourcesBuildPhase;
			buildActionMask = 2147483647;
			files = (
			);
			runOnlyForDeploymentPostprocessing = 0;
		};
		2530BBD5298072EC0016D3BD /* Resources */ = {
			isa = PBXResourcesBuildPhase;
			buildActionMask = 2147483647;
			files = (
			);
			runOnlyForDeploymentPostprocessing = 0;
		};
/* End PBXResourcesBuildPhase section */

/* Begin PBXSourcesBuildPhase section */
		2530BBB3298072E80016D3BD /* Sources */ = {
			isa = PBXSourcesBuildPhase;
			buildActionMask = 2147483647;
			files = (
				2530BBBF298072E80016D3BD /* ViewController.swift in Sources */,
				2530BBBB298072E80016D3BD /* AppDelegate.swift in Sources */,
				2530BBBD298072E80016D3BD /* SceneDelegate.swift in Sources */,
			);
			runOnlyForDeploymentPostprocessing = 0;
		};
		2530BBC9298072EC0016D3BD /* Sources */ = {
			isa = PBXSourcesBuildPhase;
			buildActionMask = 2147483647;
			files = (
				2530BBD2298072EC0016D3BD /* Teste_IOs_Developer_DigioTests.swift in Sources */,
			);
			runOnlyForDeploymentPostprocessing = 0;
		};
		2530BBD3298072EC0016D3BD /* Sources */ = {
			isa = PBXSourcesBuildPhase;
			buildActionMask = 2147483647;
			files = (
				2530BBDE298072EC0016D3BD /* Teste_IOs_Developer_DigioUITestsLaunchTests.swift in Sources */,
				2530BBDC298072EC0016D3BD /* Teste_IOs_Developer_DigioUITests.swift in Sources */,
			);
			runOnlyForDeploymentPostprocessing = 0;
		};
/* End PBXSourcesBuildPhase section */

/* Begin PBXTargetDependency section */
		2530BBCF298072EC0016D3BD /* PBXTargetDependency */ = {
			isa = PBXTargetDependency;
			target = 2530BBB6298072E80016D3BD /* Teste IOs Developer Digio */;
			targetProxy = 2530BBCE298072EC0016D3BD /* PBXContainerItemProxy */;
		};
		2530BBD9298072EC0016D3BD /* PBXTargetDependency */ = {
			isa = PBXTargetDependency;
			target = 2530BBB6298072E80016D3BD /* Teste IOs Developer Digio */;
			targetProxy = 2530BBD8298072EC0016D3BD /* PBXContainerItemProxy */;
		};
/* End PBXTargetDependency section */

/* Begin PBXVariantGroup section */
		2530BBC0298072E80016D3BD /* Main.storyboard */ = {
			isa = PBXVariantGroup;
			children = (
				2530BBC1298072E80016D3BD /* Base */,
			);
			name = Main.storyboard;
			sourceTree = "<group>";
		};
		2530BBC5298072EB0016D3BD /* LaunchScreen.storyboard */ = {
			isa = PBXVariantGroup;
			children = (
				2530BBC6298072EB0016D3BD /* Base */,
			);
			name = LaunchScreen.storyboard;
			sourceTree = "<group>";
		};
/* End PBXVariantGroup section */

/* Begin XCBuildConfiguration section */
		2530BBDF298072EC0016D3BD /* Debug */ = {
			isa = XCBuildConfiguration;
			buildSettings = {
				ALWAYS_SEARCH_USER_PATHS = NO;
				CLANG_ANALYZER_NONNULL = YES;
				CLANG_ANALYZER_NUMBER_OBJECT_CONVERSION = YES_AGGRESSIVE;
				CLANG_CXX_LANGUAGE_STANDARD = "gnu++20";
				CLANG_ENABLE_MODULES = YES;
				CLANG_ENABLE_OBJC_ARC = YES;
				CLANG_ENABLE_OBJC_WEAK = YES;
				CLANG_WARN_BLOCK_CAPTURE_AUTORELEASING = YES;
				CLANG_WARN_BOOL_CONVERSION = YES;
				CLANG_WARN_COMMA = YES;
				CLANG_WARN_CONSTANT_CONVERSION = YES;
				CLANG_WARN_DEPRECATED_OBJC_IMPLEMENTATIONS = YES;
				CLANG_WARN_DIRECT_OBJC_ISA_USAGE = YES_ERROR;
				CLANG_WARN_DOCUMENTATION_COMMENTS = YES;
				CLANG_WARN_EMPTY_BODY = YES;
				CLANG_WARN_ENUM_CONVERSION = YES;
				CLANG_WARN_INFINITE_RECURSION = YES;
				CLANG_WARN_INT_CONVERSION = YES;
				CLANG_WARN_NON_LITERAL_NULL_CONVERSION = YES;
				CLANG_WARN_OBJC_IMPLICIT_RETAIN_SELF = YES;
				CLANG_WARN_OBJC_LITERAL_CONVERSION = YES;
				CLANG_WARN_OBJC_ROOT_CLASS = YES_ERROR;
				CLANG_WARN_QUOTED_INCLUDE_IN_FRAMEWORK_HEADER = YES;
				CLANG_WARN_RANGE_LOOP_ANALYSIS = YES;
				CLANG_WARN_STRICT_PROTOTYPES = YES;
				CLANG_WARN_SUSPICIOUS_MOVE = YES;
				CLANG_WARN_UNGUARDED_AVAILABILITY = YES_AGGRESSIVE;
				CLANG_WARN_UNREACHABLE_CODE = YES;
				CLANG_WARN__DUPLICATE_METHOD_MATCH = YES;
				COPY_PHASE_STRIP = NO;
				DEBUG_INFORMATION_FORMAT = dwarf;
				ENABLE_STRICT_OBJC_MSGSEND = YES;
				ENABLE_TESTABILITY = YES;
				GCC_C_LANGUAGE_STANDARD = gnu11;
				GCC_DYNAMIC_NO_PIC = NO;
				GCC_NO_COMMON_BLOCKS = YES;
				GCC_OPTIMIZATION_LEVEL = 0;
				GCC_PREPROCESSOR_DEFINITIONS = (
					"DEBUG=1",
					"$(inherited)",
				);
				GCC_WARN_64_TO_32_BIT_CONVERSION = YES;
				GCC_WARN_ABOUT_RETURN_TYPE = YES_ERROR;
				GCC_WARN_UNDECLARED_SELECTOR = YES;
				GCC_WARN_UNINITIALIZED_AUTOS = YES_AGGRESSIVE;
				GCC_WARN_UNUSED_FUNCTION = YES;
				GCC_WARN_UNUSED_VARIABLE = YES;
				IPHONEOS_DEPLOYMENT_TARGET = 16.2;
				MTL_ENABLE_DEBUG_INFO = INCLUDE_SOURCE;
				MTL_FAST_MATH = YES;
				ONLY_ACTIVE_ARCH = YES;
				SDKROOT = iphoneos;
				SWIFT_ACTIVE_COMPILATION_CONDITIONS = DEBUG;
				SWIFT_OPTIMIZATION_LEVEL = "-Onone";
			};
			name = Debug;
		};
		2530BBE0298072EC0016D3BD /* Release */ = {
			isa = XCBuildConfiguration;
			buildSettings = {
				ALWAYS_SEARCH_USER_PATHS = NO;
				CLANG_ANALYZER_NONNULL = YES;
				CLANG_ANALYZER_NUMBER_OBJECT_CONVERSION = YES_AGGRESSIVE;
				CLANG_CXX_LANGUAGE_STANDARD = "gnu++20";
				CLANG_ENABLE_MODULES = YES;
				CLANG_ENABLE_OBJC_ARC = YES;
				CLANG_ENABLE_OBJC_WEAK = YES;
				CLANG_WARN_BLOCK_CAPTURE_AUTORELEASING = YES;
				CLANG_WARN_BOOL_CONVERSION = YES;
				CLANG_WARN_COMMA = YES;
				CLANG_WARN_CONSTANT_CONVERSION = YES;
				CLANG_WARN_DEPRECATED_OBJC_IMPLEMENTATIONS = YES;
				CLANG_WARN_DIRECT_OBJC_ISA_USAGE = YES_ERROR;
				CLANG_WARN_DOCUMENTATION_COMMENTS = YES;
				CLANG_WARN_EMPTY_BODY = YES;
				CLANG_WARN_ENUM_CONVERSION = YES;
				CLANG_WARN_INFINITE_RECURSION = YES;
				CLANG_WARN_INT_CONVERSION = YES;
				CLANG_WARN_NON_LITERAL_NULL_CONVERSION = YES;
				CLANG_WARN_OBJC_IMPLICIT_RETAIN_SELF = YES;
				CLANG_WARN_OBJC_LITERAL_CONVERSION = YES;
				CLANG_WARN_OBJC_ROOT_CLASS = YES_ERROR;
				CLANG_WARN_QUOTED_INCLUDE_IN_FRAMEWORK_HEADER = YES;
				CLANG_WARN_RANGE_LOOP_ANALYSIS = YES;
				CLANG_WARN_STRICT_PROTOTYPES = YES;
				CLANG_WARN_SUSPICIOUS_MOVE = YES;
				CLANG_WARN_UNGUARDED_AVAILABILITY = YES_AGGRESSIVE;
				CLANG_WARN_UNREACHABLE_CODE = YES;
				CLANG_WARN__DUPLICATE_METHOD_MATCH = YES;
				COPY_PHASE_STRIP = NO;
				DEBUG_INFORMATION_FORMAT = "dwarf-with-dsym";
				ENABLE_NS_ASSERTIONS = NO;
				ENABLE_STRICT_OBJC_MSGSEND = YES;
				GCC_C_LANGUAGE_STANDARD = gnu11;
				GCC_NO_COMMON_BLOCKS = YES;
				GCC_WARN_64_TO_32_BIT_CONVERSION = YES;
				GCC_WARN_ABOUT_RETURN_TYPE = YES_ERROR;
				GCC_WARN_UNDECLARED_SELECTOR = YES;
				GCC_WARN_UNINITIALIZED_AUTOS = YES_AGGRESSIVE;
				GCC_WARN_UNUSED_FUNCTION = YES;
				GCC_WARN_UNUSED_VARIABLE = YES;
				IPHONEOS_DEPLOYMENT_TARGET = 16.2;
				MTL_ENABLE_DEBUG_INFO = NO;
				MTL_FAST_MATH = YES;
				SDKROOT = iphoneos;
				SWIFT_COMPILATION_MODE = wholemodule;
				SWIFT_OPTIMIZATION_LEVEL = "-O";
				VALIDATE_PRODUCT = YES;
			};
			name = Release;
		};
		2530BBE2298072EC0016D3BD /* Debug */ = {
			isa = XCBuildConfiguration;
			buildSettings = {
				ASSETCATALOG_COMPILER_APPICON_NAME = AppIcon;
				ASSETCATALOG_COMPILER_GLOBAL_ACCENT_COLOR_NAME = AccentColor;
				CODE_SIGN_STYLE = Automatic;
				CURRENT_PROJECT_VERSION = 1;
				DEVELOPMENT_TEAM = 3EPU24E6Q6;
				GENERATE_INFOPLIST_FILE = YES;
				INFOPLIST_FILE = "Teste IOs Developer Digio/Info.plist";
				INFOPLIST_KEY_UIApplicationSupportsIndirectInputEvents = YES;
				INFOPLIST_KEY_UILaunchStoryboardName = LaunchScreen;
				INFOPLIST_KEY_UIMainStoryboardFile = Main;
				INFOPLIST_KEY_UISupportedInterfaceOrientations_iPad = "UIInterfaceOrientationPortrait UIInterfaceOrientationPortraitUpsideDown UIInterfaceOrientationLandscapeLeft UIInterfaceOrientationLandscapeRight";
				INFOPLIST_KEY_UISupportedInterfaceOrientations_iPhone = "UIInterfaceOrientationPortrait UIInterfaceOrientationLandscapeLeft UIInterfaceOrientationLandscapeRight";
				LD_RUNPATH_SEARCH_PATHS = (
					"$(inherited)",
					"@executable_path/Frameworks",
				);
				MARKETING_VERSION = 1.0;
				PRODUCT_BUNDLE_IDENTIFIER = "com.larp.Teste-IOs-Developer-Digio";
				PRODUCT_NAME = "$(TARGET_NAME)";
				SWIFT_EMIT_LOC_STRINGS = YES;
				SWIFT_VERSION = 5.0;
				TARGETED_DEVICE_FAMILY = "1,2";
			};
			name = Debug;
		};
		2530BBE3298072EC0016D3BD /* Release */ = {
			isa = XCBuildConfiguration;
			buildSettings = {
				ASSETCATALOG_COMPILER_APPICON_NAME = AppIcon;
				ASSETCATALOG_COMPILER_GLOBAL_ACCENT_COLOR_NAME = AccentColor;
				CODE_SIGN_STYLE = Automatic;
				CURRENT_PROJECT_VERSION = 1;
				DEVELOPMENT_TEAM = 3EPU24E6Q6;
				GENERATE_INFOPLIST_FILE = YES;
				INFOPLIST_FILE = "Teste IOs Developer Digio/Info.plist";
				INFOPLIST_KEY_UIApplicationSupportsIndirectInputEvents = YES;
				INFOPLIST_KEY_UILaunchStoryboardName = LaunchScreen;
				INFOPLIST_KEY_UIMainStoryboardFile = Main;
				INFOPLIST_KEY_UISupportedInterfaceOrientations_iPad = "UIInterfaceOrientationPortrait UIInterfaceOrientationPortraitUpsideDown UIInterfaceOrientationLandscapeLeft UIInterfaceOrientationLandscapeRight";
				INFOPLIST_KEY_UISupportedInterfaceOrientations_iPhone = "UIInterfaceOrientationPortrait UIInterfaceOrientationLandscapeLeft UIInterfaceOrientationLandscapeRight";
				LD_RUNPATH_SEARCH_PATHS = (
					"$(inherited)",
					"@executable_path/Frameworks",
				);
				MARKETING_VERSION = 1.0;
				PRODUCT_BUNDLE_IDENTIFIER = "com.larp.Teste-IOs-Developer-Digio";
				PRODUCT_NAME = "$(TARGET_NAME)";
				SWIFT_EMIT_LOC_STRINGS = YES;
				SWIFT_VERSION = 5.0;
				TARGETED_DEVICE_FAMILY = "1,2";
			};
			name = Release;
		};
		2530BBE5298072EC0016D3BD /* Debug */ = {
			isa = XCBuildConfiguration;
			buildSettings = {
				ALWAYS_EMBED_SWIFT_STANDARD_LIBRARIES = YES;
				BUNDLE_LOADER = "$(TEST_HOST)";
				CODE_SIGN_STYLE = Automatic;
				CURRENT_PROJECT_VERSION = 1;
				DEVELOPMENT_TEAM = 3EPU24E6Q6;
				GENERATE_INFOPLIST_FILE = YES;
				IPHONEOS_DEPLOYMENT_TARGET = 16.2;
				MARKETING_VERSION = 1.0;
				PRODUCT_BUNDLE_IDENTIFIER = "com.larp.Teste-IOs-Developer-DigioTests";
				PRODUCT_NAME = "$(TARGET_NAME)";
				SWIFT_EMIT_LOC_STRINGS = NO;
				SWIFT_VERSION = 5.0;
				TARGETED_DEVICE_FAMILY = "1,2";
				TEST_HOST = "$(BUILT_PRODUCTS_DIR)/Teste IOs Developer Digio.app/$(BUNDLE_EXECUTABLE_FOLDER_PATH)/Teste IOs Developer Digio";
			};
			name = Debug;
		};
		2530BBE6298072EC0016D3BD /* Release */ = {
			isa = XCBuildConfiguration;
			buildSettings = {
				ALWAYS_EMBED_SWIFT_STANDARD_LIBRARIES = YES;
				BUNDLE_LOADER = "$(TEST_HOST)";
				CODE_SIGN_STYLE = Automatic;
				CURRENT_PROJECT_VERSION = 1;
				DEVELOPMENT_TEAM = 3EPU24E6Q6;
				GENERATE_INFOPLIST_FILE = YES;
				IPHONEOS_DEPLOYMENT_TARGET = 16.2;
				MARKETING_VERSION = 1.0;
				PRODUCT_BUNDLE_IDENTIFIER = "com.larp.Teste-IOs-Developer-DigioTests";
				PRODUCT_NAME = "$(TARGET_NAME)";
				SWIFT_EMIT_LOC_STRINGS = NO;
				SWIFT_VERSION = 5.0;
				TARGETED_DEVICE_FAMILY = "1,2";
				TEST_HOST = "$(BUILT_PRODUCTS_DIR)/Teste IOs Developer Digio.app/$(BUNDLE_EXECUTABLE_FOLDER_PATH)/Teste IOs Developer Digio";
			};
			name = Release;
		};
		2530BBE8298072EC0016D3BD /* Debug */ = {
			isa = XCBuildConfiguration;
			buildSettings = {
				ALWAYS_EMBED_SWIFT_STANDARD_LIBRARIES = YES;
				CODE_SIGN_STYLE = Automatic;
				CURRENT_PROJECT_VERSION = 1;
				DEVELOPMENT_TEAM = 3EPU24E6Q6;
				GENERATE_INFOPLIST_FILE = YES;
				MARKETING_VERSION = 1.0;
				PRODUCT_BUNDLE_IDENTIFIER = "com.larp.Teste-IOs-Developer-DigioUITests";
				PRODUCT_NAME = "$(TARGET_NAME)";
				SWIFT_EMIT_LOC_STRINGS = NO;
				SWIFT_VERSION = 5.0;
				TARGETED_DEVICE_FAMILY = "1,2";
				TEST_TARGET_NAME = "Teste IOs Developer Digio";
			};
			name = Debug;
		};
		2530BBE9298072EC0016D3BD /* Release */ = {
			isa = XCBuildConfiguration;
			buildSettings = {
				ALWAYS_EMBED_SWIFT_STANDARD_LIBRARIES = YES;
				CODE_SIGN_STYLE = Automatic;
				CURRENT_PROJECT_VERSION = 1;
				DEVELOPMENT_TEAM = 3EPU24E6Q6;
				GENERATE_INFOPLIST_FILE = YES;
				MARKETING_VERSION = 1.0;
				PRODUCT_BUNDLE_IDENTIFIER = "com.larp.Teste-IOs-Developer-DigioUITests";
				PRODUCT_NAME = "$(TARGET_NAME)";
				SWIFT_EMIT_LOC_STRINGS = NO;
				SWIFT_VERSION = 5.0;
				TARGETED_DEVICE_FAMILY = "1,2";
				TEST_TARGET_NAME = "Teste IOs Developer Digio";
			};
			name = Release;
		};
/* End XCBuildConfiguration section */

/* Begin XCConfigurationList section */
		2530BBB2298072E80016D3BD /* Build configuration list for PBXProject "Teste IOs Developer Digio" */ = {
			isa = XCConfigurationList;
			buildConfigurations = (
				2530BBDF298072EC0016D3BD /* Debug */,
				2530BBE0298072EC0016D3BD /* Release */,
			);
			defaultConfigurationIsVisible = 0;
			defaultConfigurationName = Release;
		};
		2530BBE1298072EC0016D3BD /* Build configuration list for PBXNativeTarget "Teste IOs Developer Digio" */ = {
			isa = XCConfigurationList;
			buildConfigurations = (
				2530BBE2298072EC0016D3BD /* Debug */,
				2530BBE3298072EC0016D3BD /* Release */,
			);
			defaultConfigurationIsVisible = 0;
			defaultConfigurationName = Release;
		};
		2530BBE4298072EC0016D3BD /* Build configuration list for PBXNativeTarget "Teste IOs Developer DigioTests" */ = {
			isa = XCConfigurationList;
			buildConfigurations = (
				2530BBE5298072EC0016D3BD /* Debug */,
				2530BBE6298072EC0016D3BD /* Release */,
			);
			defaultConfigurationIsVisible = 0;
			defaultConfigurationName = Release;
		};
		2530BBE7298072EC0016D3BD /* Build configuration list for PBXNativeTarget "Teste IOs Developer DigioUITests" */ = {
			isa = XCConfigurationList;
			buildConfigurations = (
				2530BBE8298072EC0016D3BD /* Debug */,
				2530BBE9298072EC0016D3BD /* Release */,
			);
			defaultConfigurationIsVisible = 0;
			defaultConfigurationName = Release;
		};
/* End XCConfigurationList section */
	};
	rootObject = 2530BBAF298072E80016D3BD /* Project object */;
}
